
Microsoft Visual Studio Solution File, Format Version 12.00
# Visual Studio Version 17
VisualStudioVersion = 17.7.34031.279
MinimumVisualStudioVersion = 10.0.40219.1
Project("{FAE04EC0-301F-11D3-BF4B-00C04F79EFBC}") = "LopushokModule", "LopushokModule\LopushokModule.csproj", "{82D49554-7D87-4B91-9636-7BB07F2FD24F}"
EndProject
Global
	GlobalSection(SolutionConfigurationPlatforms) = preSolution
		Debug|Any CPU = Debug|Any CPU
		Release|Any CPU = Release|Any CPU
	EndGlobalSection
	GlobalSection(ProjectConfigurationPlatforms) = postSolution
		{82D49554-7D87-4B91-9636-7BB07F2FD24F}.Debug|Any CPU.ActiveCfg = Debug|Any CPU
		{82D49554-7D87-4B91-9636-7BB07F2FD24F}.Debug|Any CPU.Build.0 = Debug|Any CPU
		{82D49554-7D87-4B91-9636-7BB07F2FD24F}.Release|Any CPU.ActiveCfg = Release|Any CPU
		{82D49554-7D87-4B91-9636-7BB07F2FD24F}.Release|Any CPU.Build.0 = Release|Any CPU
	EndGlobalSection
	GlobalSection(SolutionProperties) = preSolution
		HideSolutionNode = FALSE
	EndGlobalSection
	GlobalSection(ExtensibilityGlobals) = postSolution
		SolutionGuid = {BA8D50E5-0292-4D4E-BA92-5BCE04797DB8}
	EndGlobalSection
EndGlobal
